
Microsoft Visual Studio Solution File, Format Version 12.00
# Visual Studio 15
Project("{FAE04EC0-301F-11D3-BF4B-00C04F79EFBC}") = "Assembly-CSharp", "Assembly-CSharp.csproj", "{750F3920-8294-B5E6-14F2-3273E6FD50D4}"
EndProject
Project("{FAE04EC0-301F-11D3-BF4B-00C04F79EFBC}") = "Assembly-CSharp-Editor", "Assembly-CSharp-Editor.csproj", "{1438FA0B-B168-4225-7981-C4038AD49EAE}"
EndProject
Global
	GlobalSection(SolutionConfigurationPlatforms) = preSolution
		Debug|Any CPU = Debug|Any CPU
		Release|Any CPU = Release|Any CPU
	EndGlobalSection
	GlobalSection(ProjectConfigurationPlatforms) = postSolution
		{750F3920-8294-B5E6-14F2-3273E6FD50D4}.Debug|Any CPU.ActiveCfg = Debug|Any CPU
		{750F3920-8294-B5E6-14F2-3273E6FD50D4}.Debug|Any CPU.Build.0 = Debug|Any CPU
		{750F3920-8294-B5E6-14F2-3273E6FD50D4}.Release|Any CPU.ActiveCfg = Release|Any CPU
		{750F3920-8294-B5E6-14F2-3273E6FD50D4}.Release|Any CPU.Build.0 = Release|Any CPU
		{1438FA0B-B168-4225-7981-C4038AD49EAE}.Debug|Any CPU.ActiveCfg = Debug|Any CPU
		{1438FA0B-B168-4225-7981-C4038AD49EAE}.Debug|Any CPU.Build.0 = Debug|Any CPU
		{1438FA0B-B168-4225-7981-C4038AD49EAE}.Release|Any CPU.ActiveCfg = Release|Any CPU
		{1438FA0B-B168-4225-7981-C4038AD49EAE}.Release|Any CPU.Build.0 = Release|Any CPU
	EndGlobalSection
	GlobalSection(SolutionProperties) = preSolution
		HideSolutionNode = FALSE
	EndGlobalSection
EndGlobal
